
Microsoft Visual Studio Solution File, Format Version 12.00
# Visual Studio Version 17
VisualStudioVersion = 17.6.33815.320
MinimumVisualStudioVersion = 10.0.40219.1
Project("{FAE04EC0-301F-11D3-BF4B-00C04F79EFBC}") = "Exercicio 3", "Exercicio 3\Exercicio 3.csproj", "{70E5F5EB-6F48-421C-B6A5-F4A248AA6249}"
EndProject
Global
	GlobalSection(SolutionConfigurationPlatforms) = preSolution
		Debug|Any CPU = Debug|Any CPU
		Release|Any CPU = Release|Any CPU
	EndGlobalSection
	GlobalSection(ProjectConfigurationPlatforms) = postSolution
		{70E5F5EB-6F48-421C-B6A5-F4A248AA6249}.Debug|Any CPU.ActiveCfg = Debug|Any CPU
		{70E5F5EB-6F48-421C-B6A5-F4A248AA6249}.Debug|Any CPU.Build.0 = Debug|Any CPU
		{70E5F5EB-6F48-421C-B6A5-F4A248AA6249}.Release|Any CPU.ActiveCfg = Release|Any CPU
		{70E5F5EB-6F48-421C-B6A5-F4A248AA6249}.Release|Any CPU.Build.0 = Release|Any CPU
	EndGlobalSection
	GlobalSection(SolutionProperties) = preSolution
		HideSolutionNode = FALSE
	EndGlobalSection
	GlobalSection(ExtensibilityGlobals) = postSolution
		SolutionGuid = {3AB33CBC-E973-4DAF-B2F0-304CE32DB749}
	EndGlobalSection
EndGlobal
