
Microsoft Visual Studio Solution File, Format Version 12.00
# Visual Studio Version 17
VisualStudioVersion = 17.6.33815.320
MinimumVisualStudioVersion = 10.0.40219.1
Project("{FAE04EC0-301F-11D3-BF4B-00C04F79EFBC}") = "Exercicio 11", "Exercicio 11\Exercicio 11.csproj", "{B265295D-FD5D-471E-AB48-C279D7FABB63}"
EndProject
Global
	GlobalSection(SolutionConfigurationPlatforms) = preSolution
		Debug|Any CPU = Debug|Any CPU
		Release|Any CPU = Release|Any CPU
	EndGlobalSection
	GlobalSection(ProjectConfigurationPlatforms) = postSolution
		{B265295D-FD5D-471E-AB48-C279D7FABB63}.Debug|Any CPU.ActiveCfg = Debug|Any CPU
		{B265295D-FD5D-471E-AB48-C279D7FABB63}.Debug|Any CPU.Build.0 = Debug|Any CPU
		{B265295D-FD5D-471E-AB48-C279D7FABB63}.Release|Any CPU.ActiveCfg = Release|Any CPU
		{B265295D-FD5D-471E-AB48-C279D7FABB63}.Release|Any CPU.Build.0 = Release|Any CPU
	EndGlobalSection
	GlobalSection(SolutionProperties) = preSolution
		HideSolutionNode = FALSE
	EndGlobalSection
	GlobalSection(ExtensibilityGlobals) = postSolution
		SolutionGuid = {209B3051-358B-46B3-BD94-86E2C1178632}
	EndGlobalSection
EndGlobal
