
Microsoft Visual Studio Solution File, Format Version 12.00
# Visual Studio Version 17
VisualStudioVersion = 17.6.33815.320
MinimumVisualStudioVersion = 10.0.40219.1
Project("{FAE04EC0-301F-11D3-BF4B-00C04F79EFBC}") = "Execicio 7", "Execicio 7\Execicio 7.csproj", "{DEA913C1-A64C-4944-A0F9-1A006CBA3265}"
EndProject
Global
	GlobalSection(SolutionConfigurationPlatforms) = preSolution
		Debug|Any CPU = Debug|Any CPU
		Release|Any CPU = Release|Any CPU
	EndGlobalSection
	GlobalSection(ProjectConfigurationPlatforms) = postSolution
		{DEA913C1-A64C-4944-A0F9-1A006CBA3265}.Debug|Any CPU.ActiveCfg = Debug|Any CPU
		{DEA913C1-A64C-4944-A0F9-1A006CBA3265}.Debug|Any CPU.Build.0 = Debug|Any CPU
		{DEA913C1-A64C-4944-A0F9-1A006CBA3265}.Release|Any CPU.ActiveCfg = Release|Any CPU
		{DEA913C1-A64C-4944-A0F9-1A006CBA3265}.Release|Any CPU.Build.0 = Release|Any CPU
	EndGlobalSection
	GlobalSection(SolutionProperties) = preSolution
		HideSolutionNode = FALSE
	EndGlobalSection
	GlobalSection(ExtensibilityGlobals) = postSolution
		SolutionGuid = {9FE5BB0F-839E-4A8C-9BE8-8BCDE07ED1B0}
	EndGlobalSection
EndGlobal
